
Microsoft Visual Studio Solution File, Format Version 12.00
Project("{FAE04EC0-301F-11D3-BF4B-00C04F79EFBC}") = "SimpleLineParser", "src\SimpleLineParser\SimpleLineParser.csproj", "{DC40810A-CE3B-4813-B3B3-7D6EA7D15FBB}"
EndProject
Project("{FAE04EC0-301F-11D3-BF4B-00C04F79EFBC}") = "SimpleLineParser.Tests", "src\SimpleLineParser.Tests\SimpleLineParser.Tests.csproj", "{E90AAB58-0BD2-4452-B09B-917EC158327A}"
EndProject
Global
	GlobalSection(SolutionConfigurationPlatforms) = preSolution
		Debug|Any CPU = Debug|Any CPU
		Release|Any CPU = Release|Any CPU
	EndGlobalSection
	GlobalSection(ProjectConfigurationPlatforms) = postSolution
		{DC40810A-CE3B-4813-B3B3-7D6EA7D15FBB}.Debug|Any CPU.ActiveCfg = Debug|Any CPU
		{DC40810A-CE3B-4813-B3B3-7D6EA7D15FBB}.Debug|Any CPU.Build.0 = Debug|Any CPU
		{DC40810A-CE3B-4813-B3B3-7D6EA7D15FBB}.Release|Any CPU.ActiveCfg = Release|Any CPU
		{DC40810A-CE3B-4813-B3B3-7D6EA7D15FBB}.Release|Any CPU.Build.0 = Release|Any CPU
		{E90AAB58-0BD2-4452-B09B-917EC158327A}.Debug|Any CPU.ActiveCfg = Debug|Any CPU
		{E90AAB58-0BD2-4452-B09B-917EC158327A}.Debug|Any CPU.Build.0 = Debug|Any CPU
		{E90AAB58-0BD2-4452-B09B-917EC158327A}.Release|Any CPU.ActiveCfg = Release|Any CPU
		{E90AAB58-0BD2-4452-B09B-917EC158327A}.Release|Any CPU.Build.0 = Release|Any CPU
	EndGlobalSection
EndGlobal
